// !$*UTF8*$!
{
	archiveVersion = 1;
	classes = {
	};
	objectVersion = 50;
	objects = {

/* Begin PBXBuildFile section */
		E567148B25938F2700CFC9C1 /* AppDelegate.swift in Sources */ = {isa = PBXBuildFile; fileRef = E567148A25938F2700CFC9C1 /* AppDelegate.swift */; };
		E567148D25938F2700CFC9C1 /* SceneDelegate.swift in Sources */ = {isa = PBXBuildFile; fileRef = E567148C25938F2700CFC9C1 /* SceneDelegate.swift */; };
		E567148F25938F2700CFC9C1 /* MenuViewController.swift in Sources */ = {isa = PBXBuildFile; fileRef = E567148E25938F2700CFC9C1 /* MenuViewController.swift */; };
		E567149225938F2700CFC9C1 /* Main.storyboard in Resources */ = {isa = PBXBuildFile; fileRef = E567149025938F2700CFC9C1 /* Main.storyboard */; };
		E567149425938F2900CFC9C1 /* Assets.xcassets in Resources */ = {isa = PBXBuildFile; fileRef = E567149325938F2900CFC9C1 /* Assets.xcassets */; };
		E567149725938F2900CFC9C1 /* LaunchScreen.storyboard in Resources */ = {isa = PBXBuildFile; fileRef = E567149525938F2900CFC9C1 /* LaunchScreen.storyboard */; };
		E56714A52593938100CFC9C1 /* RootViewController.swift in Sources */ = {isa = PBXBuildFile; fileRef = E56714A42593938100CFC9C1 /* RootViewController.swift */; };
		E56714A8259395C700CFC9C1 /* FileSearchViewController.swift in Sources */ = {isa = PBXBuildFile; fileRef = E56714A7259395C700CFC9C1 /* FileSearchViewController.swift */; };
		E56714B12593B6CD00CFC9C1 /* SteganographyViewController.swift in Sources */ = {isa = PBXBuildFile; fileRef = E56714B02593B6CD00CFC9C1 /* SteganographyViewController.swift */; };
		E5C4AFC32593EBF200EECD18 /* VigenereViewController.swift in Sources */ = {isa = PBXBuildFile; fileRef = E5C4AFC22593EBF200EECD18 /* VigenereViewController.swift */; };
		E5C4AFC62594010700EECD18 /* ArchiverViewController.swift in Sources */ = {isa = PBXBuildFile; fileRef = E5C4AFC52594010700EECD18 /* ArchiverViewController.swift */; };
/* End PBXBuildFile section */

/* Begin PBXFileReference section */
		E567148725938F2700CFC9C1 /* Security.app */ = {isa = PBXFileReference; explicitFileType = wrapper.application; includeInIndex = 0; path = Security.app; sourceTree = BUILT_PRODUCTS_DIR; };
		E567148A25938F2700CFC9C1 /* AppDelegate.swift */ = {isa = PBXFileReference; lastKnownFileType = sourcecode.swift; path = AppDelegate.swift; sourceTree = "<group>"; };
		E567148C25938F2700CFC9C1 /* SceneDelegate.swift */ = {isa = PBXFileReference; lastKnownFileType = sourcecode.swift; path = SceneDelegate.swift; sourceTree = "<group>"; };
		E567148E25938F2700CFC9C1 /* MenuViewController.swift */ = {isa = PBXFileReference; lastKnownFileType = sourcecode.swift; path = MenuViewController.swift; sourceTree = "<group>"; };
		E567149125938F2700CFC9C1 /* Base */ = {isa = PBXFileReference; lastKnownFileType = file.storyboard; name = Base; path = Base.lproj/Main.storyboard; sourceTree = "<group>"; };
		E567149325938F2900CFC9C1 /* Assets.xcassets */ = {isa = PBXFileReference; lastKnownFileType = folder.assetcatalog; path = Assets.xcassets; sourceTree = "<group>"; };
		E567149625938F2900CFC9C1 /* Base */ = {isa = PBXFileReference; lastKnownFileType = file.storyboard; name = Base; path = Base.lproj/LaunchScreen.storyboard; sourceTree = "<group>"; };
		E567149825938F2900CFC9C1 /* Info.plist */ = {isa = PBXFileReference; lastKnownFileType = text.plist.xml; path = Info.plist; sourceTree = "<group>"; };
		E567149F25938F3200CFC9C1 /* Security.entitlements */ = {isa = PBXFileReference; lastKnownFileType = text.plist.entitlements; path = Security.entitlements; sourceTree = "<group>"; };
		E56714A42593938100CFC9C1 /* RootViewController.swift */ = {isa = PBXFileReference; lastKnownFileType = sourcecode.swift; path = RootViewController.swift; sourceTree = "<group>"; };
		E56714A7259395C700CFC9C1 /* FileSearchViewController.swift */ = {isa = PBXFileReference; lastKnownFileType = sourcecode.swift; path = FileSearchViewController.swift; sourceTree = "<group>"; };
		E56714B02593B6CD00CFC9C1 /* SteganographyViewController.swift */ = {isa = PBXFileReference; lastKnownFileType = sourcecode.swift; path = SteganographyViewController.swift; sourceTree = "<group>"; };
		E5C4AFC22593EBF200EECD18 /* VigenereViewController.swift */ = {isa = PBXFileReference; lastKnownFileType = sourcecode.swift; path = VigenereViewController.swift; sourceTree = "<group>"; };
		E5C4AFC52594010700EECD18 /* ArchiverViewController.swift */ = {isa = PBXFileReference; lastKnownFileType = sourcecode.swift; path = ArchiverViewController.swift; sourceTree = "<group>"; };
/* End PBXFileReference section */

/* Begin PBXFrameworksBuildPhase section */
		E567148425938F2700CFC9C1 /* Frameworks */ = {
			isa = PBXFrameworksBuildPhase;
			buildActionMask = 2147483647;
			files = (
			);
			runOnlyForDeploymentPostprocessing = 0;
		};
/* End PBXFrameworksBuildPhase section */

/* Begin PBXGroup section */
		E567147E25938F2700CFC9C1 = {
			isa = PBXGroup;
			children = (
				E567148925938F2700CFC9C1 /* Security */,
				E567148825938F2700CFC9C1 /* Products */,
			);
			sourceTree = "<group>";
		};
		E567148825938F2700CFC9C1 /* Products */ = {
			isa = PBXGroup;
			children = (
				E567148725938F2700CFC9C1 /* Security.app */,
			);
			name = Products;
			sourceTree = "<group>";
		};
		E567148925938F2700CFC9C1 /* Security */ = {
			isa = PBXGroup;
			children = (
				E567149F25938F3200CFC9C1 /* Security.entitlements */,
				E567148A25938F2700CFC9C1 /* AppDelegate.swift */,
				E567148C25938F2700CFC9C1 /* SceneDelegate.swift */,
				E56714A22593936800CFC9C1 /* Controllers */,
				E567149025938F2700CFC9C1 /* Main.storyboard */,
				E567149325938F2900CFC9C1 /* Assets.xcassets */,
				E567149525938F2900CFC9C1 /* LaunchScreen.storyboard */,
				E567149825938F2900CFC9C1 /* Info.plist */,
			);
			path = Security;
			sourceTree = "<group>";
		};
		E56714A22593936800CFC9C1 /* Controllers */ = {
			isa = PBXGroup;
			children = (
				E567148E25938F2700CFC9C1 /* MenuViewController.swift */,
				E56714A42593938100CFC9C1 /* RootViewController.swift */,
				E56714A7259395C700CFC9C1 /* FileSearchViewController.swift */,
				E56714B02593B6CD00CFC9C1 /* SteganographyViewController.swift */,
				E5C4AFC22593EBF200EECD18 /* VigenereViewController.swift */,
				E5C4AFC52594010700EECD18 /* ArchiverViewController.swift */,
			);
			path = Controllers;
			sourceTree = "<group>";
		};
/* End PBXGroup section */

/* Begin PBXNativeTarget section */
		E567148625938F2700CFC9C1 /* Security */ = {
			isa = PBXNativeTarget;
			buildConfigurationList = E567149B25938F2900CFC9C1 /* Build configuration list for PBXNativeTarget "Security" */;
			buildPhases = (
				E567148325938F2700CFC9C1 /* Sources */,
				E567148425938F2700CFC9C1 /* Frameworks */,
				E567148525938F2700CFC9C1 /* Resources */,
			);
			buildRules = (
			);
			dependencies = (
			);
			name = Security;
			productName = Security;
			productReference = E567148725938F2700CFC9C1 /* Security.app */;
			productType = "com.apple.product-type.application";
		};
/* End PBXNativeTarget section */

/* Begin PBXProject section */
		E567147F25938F2700CFC9C1 /* Project object */ = {
			isa = PBXProject;
			attributes = {
				LastSwiftUpdateCheck = 1230;
				LastUpgradeCheck = 1230;
				TargetAttributes = {
					E567148625938F2700CFC9C1 = {
						CreatedOnToolsVersion = 12.3;
					};
				};
			};
			buildConfigurationList = E567148225938F2700CFC9C1 /* Build configuration list for PBXProject "Security" */;
			compatibilityVersion = "Xcode 9.3";
			developmentRegion = en;
			hasScannedForEncodings = 0;
			knownRegions = (
				en,
				Base,
			);
			mainGroup = E567147E25938F2700CFC9C1;
			productRefGroup = E567148825938F2700CFC9C1 /* Products */;
			projectDirPath = "";
			projectRoot = "";
			targets = (
				E567148625938F2700CFC9C1 /* Security */,
			);
		};
/* End PBXProject section */

/* Begin PBXResourcesBuildPhase section */
		E567148525938F2700CFC9C1 /* Resources */ = {
			isa = PBXResourcesBuildPhase;
			buildActionMask = 2147483647;
			files = (
				E567149725938F2900CFC9C1 /* LaunchScreen.storyboard in Resources */,
				E567149425938F2900CFC9C1 /* Assets.xcassets in Resources */,
				E567149225938F2700CFC9C1 /* Main.storyboard in Resources */,
			);
			runOnlyForDeploymentPostprocessing = 0;
		};
/* End PBXResourcesBuildPhase section */

/* Begin PBXSourcesBuildPhase section */
		E567148325938F2700CFC9C1 /* Sources */ = {
			isa = PBXSourcesBuildPhase;
			buildActionMask = 2147483647;
			files = (
				E567148F25938F2700CFC9C1 /* MenuViewController.swift in Sources */,
				E5C4AFC32593EBF200EECD18 /* VigenereViewController.swift in Sources */,
				E5C4AFC62594010700EECD18 /* ArchiverViewController.swift in Sources */,
				E567148B25938F2700CFC9C1 /* AppDelegate.swift in Sources */,
				E56714A52593938100CFC9C1 /* RootViewController.swift in Sources */,
				E56714B12593B6CD00CFC9C1 /* SteganographyViewController.swift in Sources */,
				E56714A8259395C700CFC9C1 /* FileSearchViewController.swift in Sources */,
				E567148D25938F2700CFC9C1 /* SceneDelegate.swift in Sources */,
			);
			runOnlyForDeploymentPostprocessing = 0;
		};
/* End PBXSourcesBuildPhase section */

/* Begin PBXVariantGroup section */
		E567149025938F2700CFC9C1 /* Main.storyboard */ = {
			isa = PBXVariantGroup;
			children = (
				E567149125938F2700CFC9C1 /* Base */,
			);
			name = Main.storyboard;
			sourceTree = "<group>";
		};
		E567149525938F2900CFC9C1 /* LaunchScreen.storyboard */ = {
			isa = PBXVariantGroup;
			children = (
				E567149625938F2900CFC9C1 /* Base */,
			);
			name = LaunchScreen.storyboard;
			sourceTree = "<group>";
		};
/* End PBXVariantGroup section */

/* Begin XCBuildConfiguration section */
		E567149925938F2900CFC9C1 /* Debug */ = {
			isa = XCBuildConfiguration;
			buildSettings = {
				ALWAYS_SEARCH_USER_PATHS = NO;
				CLANG_ANALYZER_NONNULL = YES;
				CLANG_ANALYZER_NUMBER_OBJECT_CONVERSION = YES_AGGRESSIVE;
				CLANG_CXX_LANGUAGE_STANDARD = "gnu++14";
				CLANG_CXX_LIBRARY = "libc++";
				CLANG_ENABLE_MODULES = YES;
				CLANG_ENABLE_OBJC_ARC = YES;
				CLANG_ENABLE_OBJC_WEAK = YES;
				CLANG_WARN_BLOCK_CAPTURE_AUTORELEASING = YES;
				CLANG_WARN_BOOL_CONVERSION = YES;
				CLANG_WARN_COMMA = YES;
				CLANG_WARN_CONSTANT_CONVERSION = YES;
				CLANG_WARN_DEPRECATED_OBJC_IMPLEMENTATIONS = YES;
				CLANG_WARN_DIRECT_OBJC_ISA_USAGE = YES_ERROR;
				CLANG_WARN_DOCUMENTATION_COMMENTS = YES;
				CLANG_WARN_EMPTY_BODY = YES;
				CLANG_WARN_ENUM_CONVERSION = YES;
				CLANG_WARN_INFINITE_RECURSION = YES;
				CLANG_WARN_INT_CONVERSION = YES;
				CLANG_WARN_NON_LITERAL_NULL_CONVERSION = YES;
				CLANG_WARN_OBJC_IMPLICIT_RETAIN_SELF = YES;
				CLANG_WARN_OBJC_LITERAL_CONVERSION = YES;
				CLANG_WARN_OBJC_ROOT_CLASS = YES_ERROR;
				CLANG_WARN_QUOTED_INCLUDE_IN_FRAMEWORK_HEADER = YES;
				CLANG_WARN_RANGE_LOOP_ANALYSIS = YES;
				CLANG_WARN_STRICT_PROTOTYPES = YES;
				CLANG_WARN_SUSPICIOUS_MOVE = YES;
				CLANG_WARN_UNGUARDED_AVAILABILITY = YES_AGGRESSIVE;
				CLANG_WARN_UNREACHABLE_CODE = YES;
				CLANG_WARN__DUPLICATE_METHOD_MATCH = YES;
				COPY_PHASE_STRIP = NO;
				DEBUG_INFORMATION_FORMAT = dwarf;
				ENABLE_STRICT_OBJC_MSGSEND = YES;
				ENABLE_TESTABILITY = YES;
				GCC_C_LANGUAGE_STANDARD = gnu11;
				GCC_DYNAMIC_NO_PIC = NO;
				GCC_NO_COMMON_BLOCKS = YES;
				GCC_OPTIMIZATION_LEVEL = 0;
				GCC_PREPROCESSOR_DEFINITIONS = (
					"DEBUG=1",
					"$(inherited)",
				);
				GCC_WARN_64_TO_32_BIT_CONVERSION = YES;
				GCC_WARN_ABOUT_RETURN_TYPE = YES_ERROR;
				GCC_WARN_UNDECLARED_SELECTOR = YES;
				GCC_WARN_UNINITIALIZED_AUTOS = YES_AGGRESSIVE;
				GCC_WARN_UNUSED_FUNCTION = YES;
				GCC_WARN_UNUSED_VARIABLE = YES;
				IPHONEOS_DEPLOYMENT_TARGET = 14.3;
				MTL_ENABLE_DEBUG_INFO = INCLUDE_SOURCE;
				MTL_FAST_MATH = YES;
				ONLY_ACTIVE_ARCH = YES;
				SDKROOT = iphoneos;
				SWIFT_ACTIVE_COMPILATION_CONDITIONS = DEBUG;
				SWIFT_OPTIMIZATION_LEVEL = "-Onone";
			};
			name = Debug;
		};
		E567149A25938F2900CFC9C1 /* Release */ = {
			isa = XCBuildConfiguration;
			buildSettings = {
				ALWAYS_SEARCH_USER_PATHS = NO;
				CLANG_ANALYZER_NONNULL = YES;
				CLANG_ANALYZER_NUMBER_OBJECT_CONVERSION = YES_AGGRESSIVE;
				CLANG_CXX_LANGUAGE_STANDARD = "gnu++14";
				CLANG_CXX_LIBRARY = "libc++";
				CLANG_ENABLE_MODULES = YES;
				CLANG_ENABLE_OBJC_ARC = YES;
				CLANG_ENABLE_OBJC_WEAK = YES;
				CLANG_WARN_BLOCK_CAPTURE_AUTORELEASING = YES;
				CLANG_WARN_BOOL_CONVERSION = YES;
				CLANG_WARN_COMMA = YES;
				CLANG_WARN_CONSTANT_CONVERSION = YES;
				CLANG_WARN_DEPRECATED_OBJC_IMPLEMENTATIONS = YES;
				CLANG_WARN_DIRECT_OBJC_ISA_USAGE = YES_ERROR;
				CLANG_WARN_DOCUMENTATION_COMMENTS = YES;
				CLANG_WARN_EMPTY_BODY = YES;
				CLANG_WARN_ENUM_CONVERSION = YES;
				CLANG_WARN_INFINITE_RECURSION = YES;
				CLANG_WARN_INT_CONVERSION = YES;
				CLANG_WARN_NON_LITERAL_NULL_CONVERSION = YES;
				CLANG_WARN_OBJC_IMPLICIT_RETAIN_SELF = YES;
				CLANG_WARN_OBJC_LITERAL_CONVERSION = YES;
				CLANG_WARN_OBJC_ROOT_CLASS = YES_ERROR;
				CLANG_WARN_QUOTED_INCLUDE_IN_FRAMEWORK_HEADER = YES;
				CLANG_WARN_RANGE_LOOP_ANALYSIS = YES;
				CLANG_WARN_STRICT_PROTOTYPES = YES;
				CLANG_WARN_SUSPICIOUS_MOVE = YES;
				CLANG_WARN_UNGUARDED_AVAILABILITY = YES_AGGRESSIVE;
				CLANG_WARN_UNREACHABLE_CODE = YES;
				CLANG_WARN__DUPLICATE_METHOD_MATCH = YES;
				COPY_PHASE_STRIP = NO;
				DEBUG_INFORMATION_FORMAT = "dwarf-with-dsym";
				ENABLE_NS_ASSERTIONS = NO;
				ENABLE_STRICT_OBJC_MSGSEND = YES;
				GCC_C_LANGUAGE_STANDARD = gnu11;
				GCC_NO_COMMON_BLOCKS = YES;
				GCC_WARN_64_TO_32_BIT_CONVERSION = YES;
				GCC_WARN_ABOUT_RETURN_TYPE = YES_ERROR;
				GCC_WARN_UNDECLARED_SELECTOR = YES;
				GCC_WARN_UNINITIALIZED_AUTOS = YES_AGGRESSIVE;
				GCC_WARN_UNUSED_FUNCTION = YES;
				GCC_WARN_UNUSED_VARIABLE = YES;
				IPHONEOS_DEPLOYMENT_TARGET = 14.3;
				MTL_ENABLE_DEBUG_INFO = NO;
				MTL_FAST_MATH = YES;
				SDKROOT = iphoneos;
				SWIFT_COMPILATION_MODE = wholemodule;
				SWIFT_OPTIMIZATION_LEVEL = "-O";
				VALIDATE_PRODUCT = YES;
			};
			name = Release;
		};
		E567149C25938F2900CFC9C1 /* Debug */ = {
			isa = XCBuildConfiguration;
			buildSettings = {
				ASSETCATALOG_COMPILER_APPICON_NAME = AppIcon;
				ASSETCATALOG_COMPILER_GLOBAL_ACCENT_COLOR_NAME = AccentColor;
				CODE_SIGN_ENTITLEMENTS = Security/Security.entitlements;
				CODE_SIGN_STYLE = Automatic;
				DEVELOPMENT_TEAM = 2686KEVMM9;
				INFOPLIST_FILE = Security/Info.plist;
				"IPHONEOS_DEPLOYMENT_TARGET[sdk=macosx*]" = 14.2;
				LD_RUNPATH_SEARCH_PATHS = (
					"$(inherited)",
					"@executable_path/Frameworks",
				);
				PRODUCT_BUNDLE_IDENTIFIER = com.artyomabramov.Security;
				PRODUCT_NAME = "$(TARGET_NAME)";
				SUPPORTS_MACCATALYST = YES;
				SWIFT_VERSION = 5.0;
				TARGETED_DEVICE_FAMILY = "1,2";
			};
			name = Debug;
		};
		E567149D25938F2900CFC9C1 /* Release */ = {
			isa = XCBuildConfiguration;
			buildSettings = {
				ASSETCATALOG_COMPILER_APPICON_NAME = AppIcon;
				ASSETCATALOG_COMPILER_GLOBAL_ACCENT_COLOR_NAME = AccentColor;
				CODE_SIGN_ENTITLEMENTS = Security/Security.entitlements;
				CODE_SIGN_STYLE = Automatic;
				DEVELOPMENT_TEAM = 2686KEVMM9;
				INFOPLIST_FILE = Security/Info.plist;
				"IPHONEOS_DEPLOYMENT_TARGET[sdk=macosx*]" = 14.2;
				LD_RUNPATH_SEARCH_PATHS = (
					"$(inherited)",
					"@executable_path/Frameworks",
				);
				PRODUCT_BUNDLE_IDENTIFIER = com.artyomabramov.Security;
				PRODUCT_NAME = "$(TARGET_NAME)";
				SUPPORTS_MACCATALYST = YES;
				SWIFT_VERSION = 5.0;
				TARGETED_DEVICE_FAMILY = "1,2";
			};
			name = Release;
		};
/* End XCBuildConfiguration section */

/* Begin XCConfigurationList section */
		E567148225938F2700CFC9C1 /* Build configuration list for PBXProject "Security" */ = {
			isa = XCConfigurationList;
			buildConfigurations = (
				E567149925938F2900CFC9C1 /* Debug */,
				E567149A25938F2900CFC9C1 /* Release */,
			);
			defaultConfigurationIsVisible = 0;
			defaultConfigurationName = Release;
		};
		E567149B25938F2900CFC9C1 /* Build configuration list for PBXNativeTarget "Security" */ = {
			isa = XCConfigurationList;
			buildConfigurations = (
				E567149C25938F2900CFC9C1 /* Debug */,
				E567149D25938F2900CFC9C1 /* Release */,
			);
			defaultConfigurationIsVisible = 0;
			defaultConfigurationName = Release;
		};
/* End XCConfigurationList section */
	};
	rootObject = E567147F25938F2700CFC9C1 /* Project object */;
}
